[[package]]
category = "main"
description = "A cross-platform clipboard module for Python. (Only handles plain text for now.)"
name = "pyperclip"
optional = false
python-versions = "*"
version = "1.8.0"

[metadata]
content-hash = ""
python-versions = "^3.8"

[metadata.files]
pyperclip = [
    {file = "pyperclip-1.8.0.tar.gz", hash = "sha256:"},
]
